
Microsoft Visual Studio Solution File, Format Version 12.00
# Visual Studio Version 16
VisualStudioVersion = 16.0.28711.60
MinimumVisualStudioVersion = 10.0.40219.1
Project("{FAE04EC0-301F-11D3-BF4B-00C04F79EFBC}") = "VetLearn", "VetLearn\VetLearn.csproj", "{CA5AE5F5-F033-47EB-B379-C95EE597B326}"
EndProject
Project("{54435603-DBB4-11D2-8724-00A0C9A8B90C}") = "Setup", "Setup\Setup.vdproj", "{571FDCF2-75F1-4B74-ACCC-11474B0F6668}"
EndProject
Global
	GlobalSection(SolutionConfigurationPlatforms) = preSolution
		Debug|Any CPU = Debug|Any CPU
		Release|Any CPU = Release|Any CPU
	EndGlobalSection
	GlobalSection(ProjectConfigurationPlatforms) = postSolution
		{CA5AE5F5-F033-47EB-B379-C95EE597B326}.Debug|Any CPU.ActiveCfg = Debug|Any CPU
		{CA5AE5F5-F033-47EB-B379-C95EE597B326}.Debug|Any CPU.Build.0 = Debug|Any CPU
		{CA5AE5F5-F033-47EB-B379-C95EE597B326}.Release|Any CPU.ActiveCfg = Release|Any CPU
		{CA5AE5F5-F033-47EB-B379-C95EE597B326}.Release|Any CPU.Build.0 = Release|Any CPU
		{571FDCF2-75F1-4B74-ACCC-11474B0F6668}.Debug|Any CPU.ActiveCfg = Debug
		{571FDCF2-75F1-4B74-ACCC-11474B0F6668}.Release|Any CPU.ActiveCfg = Release
	EndGlobalSection
	GlobalSection(SolutionProperties) = preSolution
		HideSolutionNode = FALSE
	EndGlobalSection
	GlobalSection(ExtensibilityGlobals) = postSolution
		SolutionGuid = {2135D0C8-2FF2-449C-A781-71BD8285F8D2}
	EndGlobalSection
EndGlobal
